
Microsoft Visual Studio Solution File, Format Version 12.00
# Visual Studio Version 16
VisualStudioVersion = 16.0.31613.86
MinimumVisualStudioVersion = 10.0.40219.1
Project("{FAE04EC0-301F-11D3-BF4B-00C04F79EFBC}") = "DiceSimul", "Porjet1_DieClass\DiceSimul.csproj", "{22006ADC-2F85-442D-A85C-A59F45D4E476}"
EndProject
Global
	GlobalSection(SolutionConfigurationPlatforms) = preSolution
		Debug|Any CPU = Debug|Any CPU
		Release|Any CPU = Release|Any CPU
	EndGlobalSection
	GlobalSection(ProjectConfigurationPlatforms) = postSolution
		{22006ADC-2F85-442D-A85C-A59F45D4E476}.Debug|Any CPU.ActiveCfg = Debug|Any CPU
		{22006ADC-2F85-442D-A85C-A59F45D4E476}.Debug|Any CPU.Build.0 = Debug|Any CPU
		{22006ADC-2F85-442D-A85C-A59F45D4E476}.Release|Any CPU.ActiveCfg = Release|Any CPU
		{22006ADC-2F85-442D-A85C-A59F45D4E476}.Release|Any CPU.Build.0 = Release|Any CPU
	EndGlobalSection
	GlobalSection(SolutionProperties) = preSolution
		HideSolutionNode = FALSE
	EndGlobalSection
	GlobalSection(ExtensibilityGlobals) = postSolution
		SolutionGuid = {AB537E6E-EC4A-4C3E-A699-20835B195734}
	EndGlobalSection
EndGlobal
